
Microsoft Visual Studio Solution File, Format Version 12.00
# Visual Studio 14
VisualStudioVersion = 14.0.25420.1
MinimumVisualStudioVersion = 10.0.40219.1
Project("{FAE04EC0-301F-11D3-BF4B-00C04F79EFBC}") = "breakout", "breakout\breakout.csproj", "{D868E5DE-61D7-4169-9627-02D39DA39A38}"
EndProject
Global
	GlobalSection(SolutionConfigurationPlatforms) = preSolution
		Debug|Any CPU = Debug|Any CPU
		Release|Any CPU = Release|Any CPU
	EndGlobalSection
	GlobalSection(ProjectConfigurationPlatforms) = postSolution
		{D868E5DE-61D7-4169-9627-02D39DA39A38}.Debug|Any CPU.ActiveCfg = Debug|Any CPU
		{D868E5DE-61D7-4169-9627-02D39DA39A38}.Debug|Any CPU.Build.0 = Debug|Any CPU
		{D868E5DE-61D7-4169-9627-02D39DA39A38}.Release|Any CPU.ActiveCfg = Release|Any CPU
		{D868E5DE-61D7-4169-9627-02D39DA39A38}.Release|Any CPU.Build.0 = Release|Any CPU
	EndGlobalSection
	GlobalSection(SolutionProperties) = preSolution
		HideSolutionNode = FALSE
	EndGlobalSection
EndGlobal
